github.com/KarpelesLab/strftime v1.0.1 h1:PH1ZhqAAI1zcJQh4DUydpp5O2qO3KlFvR5rHCLdlqJk=
github.com/KarpelesLab/strftime v1.0.1/go.mod h1:xLw9GT4XcAfY1WLTwjqkhAc5jXK1RymeowV4rHm+J+Y=
github.com/arnodel/strftime v0.1.6 h1:0hc0pUvk8KhEMXE+htyaOUV42zNcf/csIbjzEFCJqsw=
github.com/arnodel/strftime v0.1.6/go.mod h1:5NbK5XqYK8QpRZpqKNt4OlxLtIB8cotkLk4KTKzJfWs=
github.com/awoodbeck/strftime v0.0.0-20180221155908-016cde65fcde h1:1v6ARGjZnMYJVZS9SheWajrEEHXJ0eEPD3Q2LjmId2Y=
github.com/awoodbeck/strftime v0.0.0-20180221155908-016cde65fcde/go.mod h1:5nCO252N+QNZP3M986ViLdx44vRui5KuQkphwPHhYt8=
github.com/belfinor/chash v1.0.0/go.mod h1:Q0Hg0TpTNB5LLKnvKp7sP82T4HZCxm1pgCQ0+vDN5UY=
github.com/belfinor/kvstring v1.0.0/go.mod h1:O+5roAfl1rmj8KkYu0yWlzcKL+M91Ahersh1pnIEKKw=
github.com/belfinor/lcache v1.0.4/go.mod h1:uJ1XDAWxcSn4MGdrsmzs18VfmIMOzAYg6DgeLaFiv9A=
github.com/belfinor/ltime v1.0.2 h1:dGP132mDOGh39b6YZ5fgCG+DfC0VOxVLrU/lKcxtkfw=
github.com/belfinor/ltime v1.0.2/go.mod h1:YfqQmqo2G/SCMVUMJpp+8A2V2ZnzPijDILYF8xz4rIE=
github.com/billhathaway/strftime v0.0.0-20160119053827-14cf10cc79bc h1:PKeDgGH8IcMbv7zsL2aKpiVSebL5Ukguf7q+OD+4Pi8=
github.com/billhathaway/strftime v0.0.0-20160119053827-14cf10cc79bc/go.mod h1:5+6oTMi/nPHVeEaj+9OJZn33HxDcyK7tuESOW+lHHKE=
github.com/cactus/gostrftime v1.1.1 h1:4EhC2hvs6JOxD3UZfTeeZMvGSFOC9D5+cAXGHZcwjVo=
github.com/cactus/gostrftime v1.1.1/go.mod h1:wTq/XV5DrJEjjZbFhxrG8Ueid8nj2KyBG0e+TVxNUDI=
github.com/caiguanhao/strftime v1.1.0 h1:Yn4ZYYczb1DWSnl0gv6UUo2vnXfp+odBYF1ORIdx7Ls=
github.com/caiguanhao/strftime v1.1.0/go.mod h1:hhdZLRkUFhff5frWZ8qJTPGXYOr5KGTzkk6+OuuAMDU=
github.com/cockroachdb/strtime v0.0.0-20260422145425-b760b890ce68 h1:evIjPzHn88VK54H1V/CPCvFvGBMoojvRYBmsJmg96CY=
github.com/cockroachdb/strtime v0.0.0-20260422145425-b760b890ce68/go.mod h1:YwcT2H2HmJAB99Vw5DGYlFy9675kkRocXWlWMzy84ik=
github.com/csotherden/strftime v1.0.0 h1:wF55J1T3CdRovvLsz57O/lj1JmBbCA9nAVRAmZ9IFrI=
github.com/csotherden/strftime v1.0.0/go.mod h1:XcoVuNBsC8o3lrZ0whQqkUyjWQwCTS4X0lswTN4Y7vE=
github.com/davecgh/go-spew v1.1.0/go.mod h1:J7Y8YcW2NihsgmVo/mv3lAwl/skON4iLHjSsI+c5H38=
github.com/davecgh/go-spew v1.1.1 h1:vj9j/u1bqnvCEfJOwUhtlOARqs3+rkHYY13jYWTU97c=
github.com/davecgh/go-spew v1.1.1/go.mod h1:J7Y8YcW2NihsgmVo/mv3lAwl/skON4iLHjSsI+c5H38=
github.com/dropwhile/assert v1.3.0 h1:JI8AQ5rz7u7Zn6xxowJNPU1OaVh/Tr9IV4ZN9jgtFeE=
github.com/dropwhile/assert v1.3.0/go.mod h1:/jPxPs0vYHXk16U5mba3wRRVQihILzxSTiUB61cWheQ=
github.com/fastly/go-utils v0.0.0-20180712184237-d95a45783239 h1:Ghm4eQYC0nEPnSJdVkTrXpu9KtoVCSo1hg7mtI7G9KU=
github.com/fastly/go-utils v0.0.0-20180712184237-d95a45783239/go.mod h1:Gdwt2ce0yfBxPvZrHkprdPPTTS3N5rwmLE8T22KBXlw=
github.com/going/strftime v0.0.0-20150504063421-36754a2ab574 h1:KioHmXYWWHQ1E2rHHGXDgEHKHU3rlqIYJ2VK0wQMgYE=
github.com/going/strftime v0.0.0-20150504063421-36754a2ab574/go.mod h1:4fCedzbC9ggOqgK8/OmTWDQfhoPzZfiLBN+EWp9y2aE=
github.com/hhkbp2/go-strftime v0.0.0-20150709091403-d82166ec6782 h1:Evl9i7wBY3bjJ3NqHs0ldhnKOdQL4Kaum9ve1JAmiCE=
github.com/hhkbp2/go-strftime v0.0.0-20150709091403-d82166ec6782/go.mod h1:x8/IOQ5qQ4DKfiTmD9wBhQ40edg5wh7gMRwdLg07mMw=
github.com/jehiah/go-strftime v0.0.0-20171201141054-1d33003b3869 h1:IPJ3dvxmJ4uczJe5YQdrYB16oTJlGSC/OyZDqUk9xX4=
github.com/jehiah/go-strftime v0.0.0-20171201141054-1d33003b3869/go.mod h1:cJ6Cj7dQo+O6GJNiMx+Pa94qKj+TG8ONdKHgMNIyyag=
github.com/klauspost/lctime v0.1.0 h1:nINsuFc860M9cyYhT6vfg6U1USh7kiVBj/s/2b04U70=
github.com/klauspost/lctime v0.1.0/go.mod h1:OwdMhr8tbQvusAsnilqkkgDQqivWlqyg0w5cfXkLiDk=
github.com/leekchan/timeutil v0.0.0-20150802142658-28917288c48d h1:2puqoOQwi3Ai1oznMOsFIbifm6kIfJaLLyYzWD4IzTs=
github.com/leekchan/timeutil v0.0.0-20150802142658-28917288c48d/go.mod h1:hO90vCP2x3exaSH58BIAowSKvV+0OsY21TtzuFGHON4=
github.com/lestrrat-go/envload v0.0.0-20180220234015-a3eb8ddeffcc h1:RKf14vYWi2ttpEmkA4aQ3j4u9dStX2t4M8UM6qqNsG8=
github.com/lestrrat-go/envload v0.0.0-20180220234015-a3eb8ddeffcc/go.mod h1:kopuH9ugFRkIXf3YoqHKyrJ9YfUFsckUU9S7B+XP+is=
github.com/lestrrat-go/strftime v1.2.0 h1:8fAUYOeaJKCuLzNvUWBAo8t6I6hkFfodDTndEzJIun0=
github.com/lestrrat-go/strftime v1.2.0/go.mod h1:GtsIA/7ddIGJjEdfadUafEb1sbutvlvpMdPCMglykYo=
github.com/ncruces/go-strftime v1.0.0 h1:HMFp8mLCTPp341M/ZnA4qaf7ZlsbTc+miZjCLOFAw7w=
github.com/ncruces/go-strftime v1.0.0/go.mod h1:Fwc5htZGVVkseilnfgOVb9mKy6w1naJmn9CehxcKcls=
github.com/osteele/tuesday v1.1.1 h1:Xsh3L1PkgghmxXQG4o2s2rS4+WQLnYZAoQrMFUxvVms=
github.com/osteele/tuesday v1.1.1/go.mod h1:1OECHlpee4rY23/pdXRUUMPsldPSV714qetBr6BoRa0=
github.com/pbnjay/strptime v0.0.0-20140226051138-5c05b0d668c9 h1:4lfz0keanz7/gAlvJ7lAe9zmE08HXxifBZJC0AdeGKo=
github.com/pbnjay/strptime v0.0.0-20140226051138-5c05b0d668c9/go.mod h1:6Hr+C/olSdkdL3z68MlyXWzwhvwmwN7KuUFXGb3PoOk=
github.com/pkg/errors v0.9.1 h1:FEBLx1zS214owpjy7qsBeixbURkuhQAwrK5UwLGTwt4=
github.com/pkg/errors v0.9.1/go.mod h1:bwawxfHBFNV+L2hUp1rHADufV3IMtnDRdf1r5NINEl0=
github.com/pmezard/go-difflib v1.0.0 h1:4DBwDE0NGyQoBHbLQYPwSUPoCMWR5BEzIk/f1lZbAQM=
github.com/pmezard/go-difflib v1.0.0/go.mod h1:iKH77koFhYxTK1pcRnkKkqfTogsbg7gZNVY4sRDYZ/4=
github.com/stretchr/objx v0.1.0/go.mod h1:HFkY916IF+rwdDfMAkV7OtwuqBVzrE8GR6GFx+wExME=
github.com/stretchr/testify v1.4.0/go.mod h1:j7eGeouHqKxXV5pUuKE4zz7dFj8WfuZ+81PSLYec5m4=
github.com/stretchr/testify v1.11.1 h1:7s2iGBzp5EwR7/aIZr8ao5+dra3wiQyKjjFuvgVKu7U=
github.com/stretchr/testify v1.11.1/go.mod h1:wZwfW3scLgRK+23gO65QZefKpKQRnfz6sD981Nm4B6U=
github.com/tebeka/strftime v0.1.5 h1:1NQKN1NiQgkqd/2moD6ySP/5CoZQsKa1d3ZhJ44Jpmg=
github.com/tebeka/strftime v0.1.5/go.mod h1:29/OidkoWHdEKZqzyDLUyC+LmgDgdHo4WAFCDT7D/Ig=
github.com/twmb/go-strftime v0.0.0-20190915101236-e74f7c4fe4fa h1:eq9HJTMjHC3K/GYE7RuvhweBhIxXi9y6BYM6Aox3UbA=
github.com/twmb/go-strftime v0.0.0-20190915101236-e74f7c4fe4fa/go.mod h1:k1GNMjGU8BvbV6Ej1ysLoM1cPfmybe216l51R7RKIf0=
golang.org/x/text v0.10.0 h1:UpjohKhiEgNc0CSauXmwYftY1+LlaC75SJwh0SgCX58=
golang.org/x/text v0.10.0/go.mod h1:TvPlkZtksWOMsz7fbANvkp4WM8x/WCo/om8BMLbz+aE=
gopkg.in/check.v1 v0.0.0-20161208181325-20d25e280405/go.mod h1:Co6ibVJAznAaIkqp8huTwlJQCZ016jof/cbN4VW5Yz0=
gopkg.in/yaml.v2 v2.2.2/go.mod h1:hI93XBmqTisBFMUTm0b8Fm+jr3Dg1NNxqwp+5A1VGuI=
gopkg.in/yaml.v3 v3.0.1 h1:fxVm/GzAzEWqLHuvctI91KS9hhNmmWOoWu0XTYJS7CA=
gopkg.in/yaml.v3 v3.0.1/go.mod h1:K4uyk7z7BCEPqu6E+C64Yfv1cQ7kz7rIZviUmN+EgEM=
