github.com/fastly/go-utils v0.0.0-20180712184237-d95a45783239 h1:Ghm4eQYC0nEPnSJdVkTrXpu9KtoVCSo1hg7mtI7G9KU=
github.com/fastly/go-utils v0.0.0-20180712184237-d95a45783239/go.mod h1:Gdwt2ce0yfBxPvZrHkprdPPTTS3N5rwmLE8T22KBXlw=
github.com/imperfectgo/go-strftime v0.0.0-20201217024309-32813ff65a33 h1:igbcbriVUkquHU8jF6iDBvDbG57K/cs0qPLkoE3JNXM=
github.com/imperfectgo/go-strftime v0.0.0-20201217024309-32813ff65a33/go.mod h1:MrXMqCkWxgWAZCcy38sB7IEMu0z5OeuezvPeeP10sNE=
github.com/jehiah/go-strftime v0.0.0-20171201141054-1d33003b3869 h1:IPJ3dvxmJ4uczJe5YQdrYB16oTJlGSC/OyZDqUk9xX4=
github.com/jehiah/go-strftime v0.0.0-20171201141054-1d33003b3869/go.mod h1:cJ6Cj7dQo+O6GJNiMx+Pa94qKj+TG8ONdKHgMNIyyag=
github.com/lestrrat-go/strftime v1.2.0 h1:8fAUYOeaJKCuLzNvUWBAo8t6I6hkFfodDTndEzJIun0=
github.com/lestrrat-go/strftime v1.2.0/go.mod h1:GtsIA/7ddIGJjEdfadUafEb1sbutvlvpMdPCMglykYo=
github.com/tebeka/strftime v0.1.5 h1:1NQKN1NiQgkqd/2moD6ySP/5CoZQsKa1d3ZhJ44Jpmg=
github.com/tebeka/strftime v0.1.5/go.mod h1:29/OidkoWHdEKZqzyDLUyC+LmgDgdHo4WAFCDT7D/Ig=
